<Solution>
  <Folder Name="/src/">
    <Project Path="src/VALOWATCH.Installer/VALOWATCH.Installer.csproj" />
    <Project Path="src/VALOWATCH.OverlayTest/VALOWATCH.OverlayTest.csproj" />
    <Project Path="src/VALOWATCH.StartAgent/VALOWATCH.StartAgent.csproj" />
    <Project Path="src/VALOWATCH.Updater/VALOWATCH.Updater.csproj" />
    <Project Path="src/VALOWATCH/VALOWATCH.csproj" />
  </Folder>
</Solution>
